// !$*UTF8*$!
{
	archiveVersion = 1;
	classes = {
	};
	objectVersion = 56;
	objects = {

/* Begin PBXBuildFile section */
		5192F9B92C4A566400FAC71D /* CricbuzzTestApp.swift in Sources */ = {isa = PBXBuildFile; fileRef = 5192F9B82C4A566400FAC71D /* CricbuzzTestApp.swift */; };
		5192F9BB2C4A566400FAC71D /* MovieDatabaseView.swift in Sources */ = {isa = PBXBuildFile; fileRef = 5192F9BA2C4A566400FAC71D /* MovieDatabaseView.swift */; };
		5192F9BD2C4A566600FAC71D /* Assets.xcassets in Resources */ = {isa = PBXBuildFile; fileRef = 5192F9BC2C4A566600FAC71D /* Assets.xcassets */; };
		5192F9C02C4A566600FAC71D /* Preview Assets.xcassets in Resources */ = {isa = PBXBuildFile; fileRef = 5192F9BF2C4A566600FAC71D /* Preview Assets.xcassets */; };
		5192F9C92C4A568A00FAC71D /* movies.json in Resources */ = {isa = PBXBuildFile; fileRef = 5192F9C82C4A568A00FAC71D /* movies.json */; };
		5192F9CE2C4A56C900FAC71D /* Movie.swift in Sources */ = {isa = PBXBuildFile; fileRef = 5192F9CD2C4A56C900FAC71D /* Movie.swift */; };
		5192F9D02C4A598100FAC71D /* MovieListViewModel.swift in Sources */ = {isa = PBXBuildFile; fileRef = 5192F9CF2C4A598100FAC71D /* MovieListViewModel.swift */; };
		5192F9D22C4A896700FAC71D /* MovieCell.swift in Sources */ = {isa = PBXBuildFile; fileRef = 5192F9D12C4A896700FAC71D /* MovieCell.swift */; };
		5192F9D42C4A89B900FAC71D /* MovieListView.swift in Sources */ = {isa = PBXBuildFile; fileRef = 5192F9D32C4A89B900FAC71D /* MovieListView.swift */; };
		5192F9D62C4A8A0A00FAC71D /* SectionView.swift in Sources */ = {isa = PBXBuildFile; fileRef = 5192F9D52C4A8A0A00FAC71D /* SectionView.swift */; };
		5192F9D82C4A8A3600FAC71D /* SectionCell.swift in Sources */ = {isa = PBXBuildFile; fileRef = 5192F9D72C4A8A3600FAC71D /* SectionCell.swift */; };
		5192F9DA2C4A940C00FAC71D /* MovieDetail.swift in Sources */ = {isa = PBXBuildFile; fileRef = 5192F9D92C4A940C00FAC71D /* MovieDetail.swift */; };
		5192F9DC2C4B0FEB00FAC71D /* ViewModelContainer.swift in Sources */ = {isa = PBXBuildFile; fileRef = 5192F9DB2C4B0FEB00FAC71D /* ViewModelContainer.swift */; };
		51EEAF542C53C02B00123DC5 /* AllMovies.swift in Sources */ = {isa = PBXBuildFile; fileRef = 51EEAF532C53C02B00123DC5 /* AllMovies.swift */; };
/* End PBXBuildFile section */

/* Begin PBXFileReference section */
		5192F9B52C4A566400FAC71D /* CricbuzzTest.app */ = {isa = PBXFileReference; explicitFileType = wrapper.application; includeInIndex = 0; path = CricbuzzTest.app; sourceTree = BUILT_PRODUCTS_DIR; };
		5192F9B82C4A566400FAC71D /* CricbuzzTestApp.swift */ = {isa = PBXFileReference; lastKnownFileType = sourcecode.swift; path = CricbuzzTestApp.swift; sourceTree = "<group>"; };
		5192F9BA2C4A566400FAC71D /* MovieDatabaseView.swift */ = {isa = PBXFileReference; lastKnownFileType = sourcecode.swift; path = MovieDatabaseView.swift; sourceTree = "<group>"; };
		5192F9BC2C4A566600FAC71D /* Assets.xcassets */ = {isa = PBXFileReference; lastKnownFileType = folder.assetcatalog; path = Assets.xcassets; sourceTree = "<group>"; };
		5192F9BF2C4A566600FAC71D /* Preview Assets.xcassets */ = {isa = PBXFileReference; lastKnownFileType = folder.assetcatalog; path = "Preview Assets.xcassets"; sourceTree = "<group>"; };
		5192F9C82C4A568A00FAC71D /* movies.json */ = {isa = PBXFileReference; fileEncoding = 4; lastKnownFileType = text.json; path = movies.json; sourceTree = "<group>"; };
		5192F9CD2C4A56C900FAC71D /* Movie.swift */ = {isa = PBXFileReference; lastKnownFileType = sourcecode.swift; path = Movie.swift; sourceTree = "<group>"; };
		5192F9CF2C4A598100FAC71D /* MovieListViewModel.swift */ = {isa = PBXFileReference; lastKnownFileType = sourcecode.swift; path = MovieListViewModel.swift; sourceTree = "<group>"; };
		5192F9D12C4A896700FAC71D /* MovieCell.swift */ = {isa = PBXFileReference; lastKnownFileType = sourcecode.swift; path = MovieCell.swift; sourceTree = "<group>"; };
		5192F9D32C4A89B900FAC71D /* MovieListView.swift */ = {isa = PBXFileReference; lastKnownFileType = sourcecode.swift; path = MovieListView.swift; sourceTree = "<group>"; };
		5192F9D52C4A8A0A00FAC71D /* SectionView.swift */ = {isa = PBXFileReference; lastKnownFileType = sourcecode.swift; path = SectionView.swift; sourceTree = "<group>"; };
		5192F9D72C4A8A3600FAC71D /* SectionCell.swift */ = {isa = PBXFileReference; lastKnownFileType = sourcecode.swift; path = SectionCell.swift; sourceTree = "<group>"; };
		5192F9D92C4A940C00FAC71D /* MovieDetail.swift */ = {isa = PBXFileReference; lastKnownFileType = sourcecode.swift; path = MovieDetail.swift; sourceTree = "<group>"; };
		5192F9DB2C4B0FEB00FAC71D /* ViewModelContainer.swift */ = {isa = PBXFileReference; lastKnownFileType = sourcecode.swift; path = ViewModelContainer.swift; sourceTree = "<group>"; };
		51EEAF532C53C02B00123DC5 /* AllMovies.swift */ = {isa = PBXFileReference; lastKnownFileType = sourcecode.swift; path = AllMovies.swift; sourceTree = "<group>"; };
/* End PBXFileReference section */

/* Begin PBXFrameworksBuildPhase section */
		5192F9B22C4A566400FAC71D /* Frameworks */ = {
			isa = PBXFrameworksBuildPhase;
			buildActionMask = 2147483647;
			files = (
			);
			runOnlyForDeploymentPostprocessing = 0;
		};
/* End PBXFrameworksBuildPhase section */

/* Begin PBXGroup section */
		5192F9AC2C4A566400FAC71D = {
			isa = PBXGroup;
			children = (
				5192F9B72C4A566400FAC71D /* CricbuzzTest */,
				5192F9B62C4A566400FAC71D /* Products */,
			);
			sourceTree = "<group>";
		};
		5192F9B62C4A566400FAC71D /* Products */ = {
			isa = PBXGroup;
			children = (
				5192F9B52C4A566400FAC71D /* CricbuzzTest.app */,
			);
			name = Products;
			sourceTree = "<group>";
		};
		5192F9B72C4A566400FAC71D /* CricbuzzTest */ = {
			isa = PBXGroup;
			children = (
				5192F9CA2C4A569600FAC71D /* Models */,
				5192F9C72C4A567900FAC71D /* ViewModels */,
				5192F9C62C4A567200FAC71D /* Views */,
				5192F9B82C4A566400FAC71D /* CricbuzzTestApp.swift */,
				5192F9BC2C4A566600FAC71D /* Assets.xcassets */,
				5192F9C82C4A568A00FAC71D /* movies.json */,
				5192F9BE2C4A566600FAC71D /* Preview Content */,
			);
			path = CricbuzzTest;
			sourceTree = "<group>";
		};
		5192F9BE2C4A566600FAC71D /* Preview Content */ = {
			isa = PBXGroup;
			children = (
				5192F9BF2C4A566600FAC71D /* Preview Assets.xcassets */,
			);
			path = "Preview Content";
			sourceTree = "<group>";
		};
		5192F9C62C4A567200FAC71D /* Views */ = {
			isa = PBXGroup;
			children = (
				5192F9BA2C4A566400FAC71D /* MovieDatabaseView.swift */,
				5192F9D72C4A8A3600FAC71D /* SectionCell.swift */,
				5192F9D52C4A8A0A00FAC71D /* SectionView.swift */,
				5192F9D32C4A89B900FAC71D /* MovieListView.swift */,
				5192F9D12C4A896700FAC71D /* MovieCell.swift */,
				5192F9D92C4A940C00FAC71D /* MovieDetail.swift */,
				51EEAF532C53C02B00123DC5 /* AllMovies.swift */,
			);
			path = Views;
			sourceTree = "<group>";
		};
		5192F9C72C4A567900FAC71D /* ViewModels */ = {
			isa = PBXGroup;
			children = (
				5192F9CF2C4A598100FAC71D /* MovieListViewModel.swift */,
				5192F9DB2C4B0FEB00FAC71D /* ViewModelContainer.swift */,
			);
			path = ViewModels;
			sourceTree = "<group>";
		};
		5192F9CA2C4A569600FAC71D /* Models */ = {
			isa = PBXGroup;
			children = (
				5192F9CD2C4A56C900FAC71D /* Movie.swift */,
			);
			path = Models;
			sourceTree = "<group>";
		};
/* End PBXGroup section */

/* Begin PBXNativeTarget section */
		5192F9B42C4A566400FAC71D /* CricbuzzTest */ = {
			isa = PBXNativeTarget;
			buildConfigurationList = 5192F9C32C4A566600FAC71D /* Build configuration list for PBXNativeTarget "CricbuzzTest" */;
			buildPhases = (
				5192F9B12C4A566400FAC71D /* Sources */,
				5192F9B22C4A566400FAC71D /* Frameworks */,
				5192F9B32C4A566400FAC71D /* Resources */,
			);
			buildRules = (
			);
			dependencies = (
			);
			name = CricbuzzTest;
			productName = CricbuzzTest;
			productReference = 5192F9B52C4A566400FAC71D /* CricbuzzTest.app */;
			productType = "com.apple.product-type.application";
		};
/* End PBXNativeTarget section */

/* Begin PBXProject section */
		5192F9AD2C4A566400FAC71D /* Project object */ = {
			isa = PBXProject;
			attributes = {
				BuildIndependentTargetsInParallel = 1;
				LastSwiftUpdateCheck = 1530;
				LastUpgradeCheck = 1530;
				TargetAttributes = {
					5192F9B42C4A566400FAC71D = {
						CreatedOnToolsVersion = 15.3;
					};
				};
			};
			buildConfigurationList = 5192F9B02C4A566400FAC71D /* Build configuration list for PBXProject "CricbuzzTest" */;
			compatibilityVersion = "Xcode 14.0";
			developmentRegion = en;
			hasScannedForEncodings = 0;
			knownRegions = (
				en,
				Base,
			);
			mainGroup = 5192F9AC2C4A566400FAC71D;
			productRefGroup = 5192F9B62C4A566400FAC71D /* Products */;
			projectDirPath = "";
			projectRoot = "";
			targets = (
				5192F9B42C4A566400FAC71D /* CricbuzzTest */,
			);
		};
/* End PBXProject section */

/* Begin PBXResourcesBuildPhase section */
		5192F9B32C4A566400FAC71D /* Resources */ = {
			isa = PBXResourcesBuildPhase;
			buildActionMask = 2147483647;
			files = (
				5192F9C92C4A568A00FAC71D /* movies.json in Resources */,
				5192F9C02C4A566600FAC71D /* Preview Assets.xcassets in Resources */,
				5192F9BD2C4A566600FAC71D /* Assets.xcassets in Resources */,
			);
			runOnlyForDeploymentPostprocessing = 0;
		};
/* End PBXResourcesBuildPhase section */

/* Begin PBXSourcesBuildPhase section */
		5192F9B12C4A566400FAC71D /* Sources */ = {
			isa = PBXSourcesBuildPhase;
			buildActionMask = 2147483647;
			files = (
				5192F9BB2C4A566400FAC71D /* MovieDatabaseView.swift in Sources */,
				5192F9D82C4A8A3600FAC71D /* SectionCell.swift in Sources */,
				5192F9B92C4A566400FAC71D /* CricbuzzTestApp.swift in Sources */,
				5192F9DA2C4A940C00FAC71D /* MovieDetail.swift in Sources */,
				5192F9DC2C4B0FEB00FAC71D /* ViewModelContainer.swift in Sources */,
				51EEAF542C53C02B00123DC5 /* AllMovies.swift in Sources */,
				5192F9CE2C4A56C900FAC71D /* Movie.swift in Sources */,
				5192F9D62C4A8A0A00FAC71D /* SectionView.swift in Sources */,
				5192F9D22C4A896700FAC71D /* MovieCell.swift in Sources */,
				5192F9D02C4A598100FAC71D /* MovieListViewModel.swift in Sources */,
				5192F9D42C4A89B900FAC71D /* MovieListView.swift in Sources */,
			);
			runOnlyForDeploymentPostprocessing = 0;
		};
/* End PBXSourcesBuildPhase section */

/* Begin XCBuildConfiguration section */
		5192F9C12C4A566600FAC71D /* Debug */ = {
			isa = XCBuildConfiguration;
			buildSettings = {
				ALWAYS_SEARCH_USER_PATHS = NO;
				ASSETCATALOG_COMPILER_GENERATE_SWIFT_ASSET_SYMBOL_EXTENSIONS = YES;
				CLANG_ANALYZER_NONNULL = YES;
				CLANG_ANALYZER_NUMBER_OBJECT_CONVERSION = YES_AGGRESSIVE;
				CLANG_CXX_LANGUAGE_STANDARD = "gnu++20";
				CLANG_ENABLE_MODULES = YES;
				CLANG_ENABLE_OBJC_ARC = YES;
				CLANG_ENABLE_OBJC_WEAK = YES;
				CLANG_WARN_BLOCK_CAPTURE_AUTORELEASING = YES;
				CLANG_WARN_BOOL_CONVERSION = YES;
				CLANG_WARN_COMMA = YES;
				CLANG_WARN_CONSTANT_CONVERSION = YES;
				CLANG_WARN_DEPRECATED_OBJC_IMPLEMENTATIONS = YES;
				CLANG_WARN_DIRECT_OBJC_ISA_USAGE = YES_ERROR;
				CLANG_WARN_DOCUMENTATION_COMMENTS = YES;
				CLANG_WARN_EMPTY_BODY = YES;
				CLANG_WARN_ENUM_CONVERSION = YES;
				CLANG_WARN_INFINITE_RECURSION = YES;
				CLANG_WARN_INT_CONVERSION = YES;
				CLANG_WARN_NON_LITERAL_NULL_CONVERSION = YES;
				CLANG_WARN_OBJC_IMPLICIT_RETAIN_SELF = YES;
				CLANG_WARN_OBJC_LITERAL_CONVERSION = YES;
				CLANG_WARN_OBJC_ROOT_CLASS = YES_ERROR;
				CLANG_WARN_QUOTED_INCLUDE_IN_FRAMEWORK_HEADER = YES;
				CLANG_WARN_RANGE_LOOP_ANALYSIS = YES;
				CLANG_WARN_STRICT_PROTOTYPES = YES;
				CLANG_WARN_SUSPICIOUS_MOVE = YES;
				CLANG_WARN_UNGUARDED_AVAILABILITY = YES_AGGRESSIVE;
				CLANG_WARN_UNREACHABLE_CODE = YES;
				CLANG_WARN__DUPLICATE_METHOD_MATCH = YES;
				COPY_PHASE_STRIP = NO;
				DEBUG_INFORMATION_FORMAT = dwarf;
				ENABLE_STRICT_OBJC_MSGSEND = YES;
				ENABLE_TESTABILITY = YES;
				ENABLE_USER_SCRIPT_SANDBOXING = YES;
				GCC_C_LANGUAGE_STANDARD = gnu17;
				GCC_DYNAMIC_NO_PIC = NO;
				GCC_NO_COMMON_BLOCKS = YES;
				GCC_OPTIMIZATION_LEVEL = 0;
				GCC_PREPROCESSOR_DEFINITIONS = (
					"DEBUG=1",
					"$(inherited)",
				);
				GCC_WARN_64_TO_32_BIT_CONVERSION = YES;
				GCC_WARN_ABOUT_RETURN_TYPE = YES_ERROR;
				GCC_WARN_UNDECLARED_SELECTOR = YES;
				GCC_WARN_UNINITIALIZED_AUTOS = YES_AGGRESSIVE;
				GCC_WARN_UNUSED_FUNCTION = YES;
				GCC_WARN_UNUSED_VARIABLE = YES;
				IPHONEOS_DEPLOYMENT_TARGET = 17.4;
				LOCALIZATION_PREFERS_STRING_CATALOGS = YES;
				MTL_ENABLE_DEBUG_INFO = INCLUDE_SOURCE;
				MTL_FAST_MATH = YES;
				ONLY_ACTIVE_ARCH = YES;
				SDKROOT = iphoneos;
				SWIFT_ACTIVE_COMPILATION_CONDITIONS = "DEBUG $(inherited)";
				SWIFT_OPTIMIZATION_LEVEL = "-Onone";
			};
			name = Debug;
		};
		5192F9C22C4A566600FAC71D /* Release */ = {
			isa = XCBuildConfiguration;
			buildSettings = {
				ALWAYS_SEARCH_USER_PATHS = NO;
				ASSETCATALOG_COMPILER_GENERATE_SWIFT_ASSET_SYMBOL_EXTENSIONS = YES;
				CLANG_ANALYZER_NONNULL = YES;
				CLANG_ANALYZER_NUMBER_OBJECT_CONVERSION = YES_AGGRESSIVE;
				CLANG_CXX_LANGUAGE_STANDARD = "gnu++20";
				CLANG_ENABLE_MODULES = YES;
				CLANG_ENABLE_OBJC_ARC = YES;
				CLANG_ENABLE_OBJC_WEAK = YES;
				CLANG_WARN_BLOCK_CAPTURE_AUTORELEASING = YES;
				CLANG_WARN_BOOL_CONVERSION = YES;
				CLANG_WARN_COMMA = YES;
				CLANG_WARN_CONSTANT_CONVERSION = YES;
				CLANG_WARN_DEPRECATED_OBJC_IMPLEMENTATIONS = YES;
				CLANG_WARN_DIRECT_OBJC_ISA_USAGE = YES_ERROR;
				CLANG_WARN_DOCUMENTATION_COMMENTS = YES;
				CLANG_WARN_EMPTY_BODY = YES;
				CLANG_WARN_ENUM_CONVERSION = YES;
				CLANG_WARN_INFINITE_RECURSION = YES;
				CLANG_WARN_INT_CONVERSION = YES;
				CLANG_WARN_NON_LITERAL_NULL_CONVERSION = YES;
				CLANG_WARN_OBJC_IMPLICIT_RETAIN_SELF = YES;
				CLANG_WARN_OBJC_LITERAL_CONVERSION = YES;
				CLANG_WARN_OBJC_ROOT_CLASS = YES_ERROR;
				CLANG_WARN_QUOTED_INCLUDE_IN_FRAMEWORK_HEADER = YES;
				CLANG_WARN_RANGE_LOOP_ANALYSIS = YES;
				CLANG_WARN_STRICT_PROTOTYPES = YES;
				CLANG_WARN_SUSPICIOUS_MOVE = YES;
				CLANG_WARN_UNGUARDED_AVAILABILITY = YES_AGGRESSIVE;
				CLANG_WARN_UNREACHABLE_CODE = YES;
				CLANG_WARN__DUPLICATE_METHOD_MATCH = YES;
				COPY_PHASE_STRIP = NO;
				DEBUG_INFORMATION_FORMAT = "dwarf-with-dsym";
				ENABLE_NS_ASSERTIONS = NO;
				ENABLE_STRICT_OBJC_MSGSEND = YES;
				ENABLE_USER_SCRIPT_SANDBOXING = YES;
				GCC_C_LANGUAGE_STANDARD = gnu17;
				GCC_NO_COMMON_BLOCKS = YES;
				GCC_WARN_64_TO_32_BIT_CONVERSION = YES;
				GCC_WARN_ABOUT_RETURN_TYPE = YES_ERROR;
				GCC_WARN_UNDECLARED_SELECTOR = YES;
				GCC_WARN_UNINITIALIZED_AUTOS = YES_AGGRESSIVE;
				GCC_WARN_UNUSED_FUNCTION = YES;
				GCC_WARN_UNUSED_VARIABLE = YES;
				IPHONEOS_DEPLOYMENT_TARGET = 17.4;
				LOCALIZATION_PREFERS_STRING_CATALOGS = YES;
				MTL_ENABLE_DEBUG_INFO = NO;
				MTL_FAST_MATH = YES;
				SDKROOT = iphoneos;
				SWIFT_COMPILATION_MODE = wholemodule;
				VALIDATE_PRODUCT = YES;
			};
			name = Release;
		};
		5192F9C42C4A566600FAC71D /* Debug */ = {
			isa = XCBuildConfiguration;
			buildSettings = {
				ASSETCATALOG_COMPILER_APPICON_NAME = AppIcon;
				ASSETCATALOG_COMPILER_GLOBAL_ACCENT_COLOR_NAME = AccentColor;
				CODE_SIGN_STYLE = Automatic;
				CURRENT_PROJECT_VERSION = 1;
				DEVELOPMENT_ASSET_PATHS = "\"CricbuzzTest/Preview Content\"";
				DEVELOPMENT_TEAM = EXGD3NEKYN;
				ENABLE_PREVIEWS = YES;
				GENERATE_INFOPLIST_FILE = YES;
				INFOPLIST_KEY_UIApplicationSceneManifest_Generation = YES;
				INFOPLIST_KEY_UIApplicationSupportsIndirectInputEvents = YES;
				INFOPLIST_KEY_UILaunchScreen_Generation = YES;
				INFOPLIST_KEY_UISupportedInterfaceOrientations_iPad = "UIInterfaceOrientationPortrait UIInterfaceOrientationPortraitUpsideDown UIInterfaceOrientationLandscapeLeft UIInterfaceOrientationLandscapeRight";
				INFOPLIST_KEY_UISupportedInterfaceOrientations_iPhone = "UIInterfaceOrientationPortrait UIInterfaceOrientationLandscapeLeft UIInterfaceOrientationLandscapeRight";
				LD_RUNPATH_SEARCH_PATHS = (
					"$(inherited)",
					"@executable_path/Frameworks",
				);
				MARKETING_VERSION = 1.0;
				PRODUCT_BUNDLE_IDENTIFIER = com.shubham.CricbuzzTest;
				PRODUCT_NAME = "$(TARGET_NAME)";
				SWIFT_EMIT_LOC_STRINGS = YES;
				SWIFT_VERSION = 5.0;
				TARGETED_DEVICE_FAMILY = "1,2";
			};
			name = Debug;
		};
		5192F9C52C4A566600FAC71D /* Release */ = {
			isa = XCBuildConfiguration;
			buildSettings = {
				ASSETCATALOG_COMPILER_APPICON_NAME = AppIcon;
				ASSETCATALOG_COMPILER_GLOBAL_ACCENT_COLOR_NAME = AccentColor;
				CODE_SIGN_STYLE = Automatic;
				CURRENT_PROJECT_VERSION = 1;
				DEVELOPMENT_ASSET_PATHS = "\"CricbuzzTest/Preview Content\"";
				DEVELOPMENT_TEAM = EXGD3NEKYN;
				ENABLE_PREVIEWS = YES;
				GENERATE_INFOPLIST_FILE = YES;
				INFOPLIST_KEY_UIApplicationSceneManifest_Generation = YES;
				INFOPLIST_KEY_UIApplicationSupportsIndirectInputEvents = YES;
				INFOPLIST_KEY_UILaunchScreen_Generation = YES;
				INFOPLIST_KEY_UISupportedInterfaceOrientations_iPad = "UIInterfaceOrientationPortrait UIInterfaceOrientationPortraitUpsideDown UIInterfaceOrientationLandscapeLeft UIInterfaceOrientationLandscapeRight";
				INFOPLIST_KEY_UISupportedInterfaceOrientations_iPhone = "UIInterfaceOrientationPortrait UIInterfaceOrientationLandscapeLeft UIInterfaceOrientationLandscapeRight";
				LD_RUNPATH_SEARCH_PATHS = (
					"$(inherited)",
					"@executable_path/Frameworks",
				);
				MARKETING_VERSION = 1.0;
				PRODUCT_BUNDLE_IDENTIFIER = com.shubham.CricbuzzTest;
				PRODUCT_NAME = "$(TARGET_NAME)";
				SWIFT_EMIT_LOC_STRINGS = YES;
				SWIFT_VERSION = 5.0;
				TARGETED_DEVICE_FAMILY = "1,2";
			};
			name = Release;
		};
/* End XCBuildConfiguration section */

/* Begin XCConfigurationList section */
		5192F9B02C4A566400FAC71D /* Build configuration list for PBXProject "CricbuzzTest" */ = {
			isa = XCConfigurationList;
			buildConfigurations = (
				5192F9C12C4A566600FAC71D /* Debug */,
				5192F9C22C4A566600FAC71D /* Release */,
			);
			defaultConfigurationIsVisible = 0;
			defaultConfigurationName = Release;
		};
		5192F9C32C4A566600FAC71D /* Build configuration list for PBXNativeTarget "CricbuzzTest" */ = {
			isa = XCConfigurationList;
			buildConfigurations = (
				5192F9C42C4A566600FAC71D /* Debug */,
				5192F9C52C4A566600FAC71D /* Release */,
			);
			defaultConfigurationIsVisible = 0;
			defaultConfigurationName = Release;
		};
/* End XCConfigurationList section */
	};
	rootObject = 5192F9AD2C4A566400FAC71D /* Project object */;
}
